
Microsoft Visual Studio Solution File, Format Version 12.00
# Visual Studio 2012
# SharpDevelop 5.1
VisualStudioVersion = 12.0.20827.3
MinimumVisualStudioVersion = 10.0.40219.1
Project("{FAE04EC0-301F-11D3-BF4B-00C04F79EFBC}") = "zmqRPC", "zmqRPC\zmqRPC.csproj", "{569AB676-AA12-402D-AAC8-71241227A044}"
EndProject
Project("{2150E333-8FDC-42A3-9474-1A3956D46DE8}") = "demoPubSub", "demoPubSub", "{8CCEF807-5073-4F61-8DCB-DCA7D8DFEBA4}"
EndProject
Project("{FAE04EC0-301F-11D3-BF4B-00C04F79EFBC}") = "testData", "testData\testData.csproj", "{9158A281-F108-46B6-ADD2-7E5D3D5C1D0F}"
EndProject
Project("{FAE04EC0-301F-11D3-BF4B-00C04F79EFBC}") = "testPub", "testPub\testPub.csproj", "{15C4FD34-625E-413C-965E-4128561AA4C0}"
EndProject
Project("{FAE04EC0-301F-11D3-BF4B-00C04F79EFBC}") = "testSub", "testSub\testSub.csproj", "{8C3083C9-1030-4E6D-9454-321636F02EBD}"
EndProject
Project("{2150E333-8FDC-42A3-9474-1A3956D46DE8}") = "demoRPC", "demoRPC", "{0578AFDA-37EC-45B8-854A-59B8A670C561}"
EndProject
Project("{FAE04EC0-301F-11D3-BF4B-00C04F79EFBC}") = "testRPC", "test\testRPC.csproj", "{307BCE5C-4AD1-485F-9717-B82B889F82D9}"
EndProject
Global
	GlobalSection(SolutionConfigurationPlatforms) = preSolution
		Debug|Any CPU = Debug|Any CPU
		Release|Any CPU = Release|Any CPU
	EndGlobalSection
	GlobalSection(ProjectConfigurationPlatforms) = postSolution
		{569AB676-AA12-402D-AAC8-71241227A044}.Debug|Any CPU.ActiveCfg = Debug|Any CPU
		{569AB676-AA12-402D-AAC8-71241227A044}.Debug|Any CPU.Build.0 = Debug|Any CPU
		{569AB676-AA12-402D-AAC8-71241227A044}.Release|Any CPU.ActiveCfg = Release|Any CPU
		{569AB676-AA12-402D-AAC8-71241227A044}.Release|Any CPU.Build.0 = Release|Any CPU
		{9158A281-F108-46B6-ADD2-7E5D3D5C1D0F}.Debug|Any CPU.ActiveCfg = Debug|Any CPU
		{9158A281-F108-46B6-ADD2-7E5D3D5C1D0F}.Debug|Any CPU.Build.0 = Debug|Any CPU
		{9158A281-F108-46B6-ADD2-7E5D3D5C1D0F}.Release|Any CPU.ActiveCfg = Release|Any CPU
		{9158A281-F108-46B6-ADD2-7E5D3D5C1D0F}.Release|Any CPU.Build.0 = Release|Any CPU
		{15C4FD34-625E-413C-965E-4128561AA4C0}.Debug|Any CPU.ActiveCfg = Debug|Any CPU
		{15C4FD34-625E-413C-965E-4128561AA4C0}.Debug|Any CPU.Build.0 = Debug|Any CPU
		{15C4FD34-625E-413C-965E-4128561AA4C0}.Release|Any CPU.ActiveCfg = Release|Any CPU
		{15C4FD34-625E-413C-965E-4128561AA4C0}.Release|Any CPU.Build.0 = Release|Any CPU
		{8C3083C9-1030-4E6D-9454-321636F02EBD}.Debug|Any CPU.ActiveCfg = Debug|Any CPU
		{8C3083C9-1030-4E6D-9454-321636F02EBD}.Debug|Any CPU.Build.0 = Debug|Any CPU
		{8C3083C9-1030-4E6D-9454-321636F02EBD}.Release|Any CPU.ActiveCfg = Release|Any CPU
		{8C3083C9-1030-4E6D-9454-321636F02EBD}.Release|Any CPU.Build.0 = Release|Any CPU
		{307BCE5C-4AD1-485F-9717-B82B889F82D9}.Debug|Any CPU.ActiveCfg = Debug|Any CPU
		{307BCE5C-4AD1-485F-9717-B82B889F82D9}.Debug|Any CPU.Build.0 = Debug|Any CPU
		{307BCE5C-4AD1-485F-9717-B82B889F82D9}.Release|Any CPU.ActiveCfg = Release|Any CPU
		{307BCE5C-4AD1-485F-9717-B82B889F82D9}.Release|Any CPU.Build.0 = Release|Any CPU
	EndGlobalSection
	GlobalSection(NestedProjects) = preSolution
		{9158A281-F108-46B6-ADD2-7E5D3D5C1D0F} = {8CCEF807-5073-4F61-8DCB-DCA7D8DFEBA4}
		{15C4FD34-625E-413C-965E-4128561AA4C0} = {8CCEF807-5073-4F61-8DCB-DCA7D8DFEBA4}
		{8C3083C9-1030-4E6D-9454-321636F02EBD} = {8CCEF807-5073-4F61-8DCB-DCA7D8DFEBA4}
		{307BCE5C-4AD1-485F-9717-B82B889F82D9} = {0578AFDA-37EC-45B8-854A-59B8A670C561}
	EndGlobalSection
EndGlobal
